// !$*UTF8*$!
{
	archiveVersion = 1;
	classes = {
	};
	objectVersion = 77;
	objects = {

/* Begin PBXBuildFile section */
		1003F53B2CB68A2900F0818D /* Nuke in Frameworks */ = {isa = PBXBuildFile; productRef = 1003F53A2CB68A2900F0818D /* Nuke */; };
		1003F53D2CB68A2900F0818D /* NukeExtensions in Frameworks */ = {isa = PBXBuildFile; productRef = 1003F53C2CB68A2900F0818D /* NukeExtensions */; };
		1003F53F2CB68A2900F0818D /* NukeUI in Frameworks */ = {isa = PBXBuildFile; productRef = 1003F53E2CB68A2900F0818D /* NukeUI */; };
		1003F5412CB68A2900F0818D /* NukeVideo in Frameworks */ = {isa = PBXBuildFile; productRef = 1003F5402CB68A2900F0818D /* NukeVideo */; };
		10145F7B2CB684FC001BE2C1 /* Alamofire in Frameworks */ = {isa = PBXBuildFile; productRef = 10145F7A2CB684FC001BE2C1 /* Alamofire */; };
		10245BAF2CB6F51B002C435A /* Resolver in Frameworks */ = {isa = PBXBuildFile; productRef = 10245BAE2CB6F51B002C435A /* Resolver */; };
/* End PBXBuildFile section */

/* Begin PBXContainerItemProxy section */
		1037ADA52CAD64DD000F3276 /* PBXContainerItemProxy */ = {
			isa = PBXContainerItemProxy;
			containerPortal = 1037AD832CAD64DC000F3276 /* Project object */;
			proxyType = 1;
			remoteGlobalIDString = 1037AD8A2CAD64DC000F3276;
			remoteInfo = LeetMobile;
		};
		1037ADAF2CAD64DD000F3276 /* PBXContainerItemProxy */ = {
			isa = PBXContainerItemProxy;
			containerPortal = 1037AD832CAD64DC000F3276 /* Project object */;
			proxyType = 1;
			remoteGlobalIDString = 1037AD8A2CAD64DC000F3276;
			remoteInfo = LeetMobile;
		};
/* End PBXContainerItemProxy section */

/* Begin PBXCopyFilesBuildPhase section */
		1003F5432CB68AA400F0818D /* Embed Frameworks */ = {
			isa = PBXCopyFilesBuildPhase;
			buildActionMask = 2147483647;
			dstPath = "";
			dstSubfolderSpec = 10;
			files = (
			);
			name = "Embed Frameworks";
			runOnlyForDeploymentPostprocessing = 0;
		};
/* End PBXCopyFilesBuildPhase section */

/* Begin PBXFileReference section */
		1037AD8B2CAD64DC000F3276 /* LeetMobile.app */ = {isa = PBXFileReference; explicitFileType = wrapper.application; includeInIndex = 0; path = LeetMobile.app; sourceTree = BUILT_PRODUCTS_DIR; };
		1037ADA42CAD64DD000F3276 /* LeetMobileTests.xctest */ = {isa = PBXFileReference; explicitFileType = wrapper.cfbundle; includeInIndex = 0; path = LeetMobileTests.xctest; sourceTree = BUILT_PRODUCTS_DIR; };
		1037ADAE2CAD64DD000F3276 /* LeetMobileUITests.xctest */ = {isa = PBXFileReference; explicitFileType = wrapper.cfbundle; includeInIndex = 0; path = LeetMobileUITests.xctest; sourceTree = BUILT_PRODUCTS_DIR; };
/* End PBXFileReference section */

/* Begin PBXFileSystemSynchronizedBuildFileExceptionSet section */
		1037ADB62CAD64DD000F3276 /* Exceptions for "LeetMobile" folder in "LeetMobile" target */ = {
			isa = PBXFileSystemSynchronizedBuildFileExceptionSet;
			membershipExceptions = (
				"/Localized: Application/LaunchScreen.storyboard",
				Info.plist,
			);
			target = 1037AD8A2CAD64DC000F3276 /* LeetMobile */;
		};
/* End PBXFileSystemSynchronizedBuildFileExceptionSet section */

/* Begin PBXFileSystemSynchronizedRootGroup section */
		1037AD8D2CAD64DC000F3276 /* LeetMobile */ = {
			isa = PBXFileSystemSynchronizedRootGroup;
			exceptions = (
				1037ADB62CAD64DD000F3276 /* Exceptions for "LeetMobile" folder in "LeetMobile" target */,
			);
			path = LeetMobile;
			sourceTree = "<group>";
		};
		1037ADA72CAD64DD000F3276 /* LeetMobileTests */ = {
			isa = PBXFileSystemSynchronizedRootGroup;
			path = LeetMobileTests;
			sourceTree = "<group>";
		};
		1037ADB12CAD64DD000F3276 /* LeetMobileUITests */ = {
			isa = PBXFileSystemSynchronizedRootGroup;
			path = LeetMobileUITests;
			sourceTree = "<group>";
		};
/* End PBXFileSystemSynchronizedRootGroup section */

/* Begin PBXFrameworksBuildPhase section */
		1037AD882CAD64DC000F3276 /* Frameworks */ = {
			isa = PBXFrameworksBuildPhase;
			buildActionMask = 2147483647;
			files = (
				10245BAF2CB6F51B002C435A /* Resolver in Frameworks */,
				1003F53F2CB68A2900F0818D /* NukeUI in Frameworks */,
				1003F5412CB68A2900F0818D /* NukeVideo in Frameworks */,
				1003F53B2CB68A2900F0818D /* Nuke in Frameworks */,
				1003F53D2CB68A2900F0818D /* NukeExtensions in Frameworks */,
				10145F7B2CB684FC001BE2C1 /* Alamofire in Frameworks */,
			);
			runOnlyForDeploymentPostprocessing = 0;
		};
		1037ADA12CAD64DD000F3276 /* Frameworks */ = {
			isa = PBXFrameworksBuildPhase;
			buildActionMask = 2147483647;
			files = (
			);
			runOnlyForDeploymentPostprocessing = 0;
		};
		1037ADAB2CAD64DD000F3276 /* Frameworks */ = {
			isa = PBXFrameworksBuildPhase;
			buildActionMask = 2147483647;
			files = (
			);
			runOnlyForDeploymentPostprocessing = 0;
		};
/* End PBXFrameworksBuildPhase section */

/* Begin PBXGroup section */
		1037AD822CAD64DC000F3276 = {
			isa = PBXGroup;
			children = (
				1037AD8D2CAD64DC000F3276 /* LeetMobile */,
				1037ADA72CAD64DD000F3276 /* LeetMobileTests */,
				1037ADB12CAD64DD000F3276 /* LeetMobileUITests */,
				1037AD8C2CAD64DC000F3276 /* Products */,
			);
			sourceTree = "<group>";
		};
		1037AD8C2CAD64DC000F3276 /* Products */ = {
			isa = PBXGroup;
			children = (
				1037AD8B2CAD64DC000F3276 /* LeetMobile.app */,
				1037ADA42CAD64DD000F3276 /* LeetMobileTests.xctest */,
				1037ADAE2CAD64DD000F3276 /* LeetMobileUITests.xctest */,
			);
			name = Products;
			sourceTree = "<group>";
		};
/* End PBXGroup section */

/* Begin PBXNativeTarget section */
		1037AD8A2CAD64DC000F3276 /* LeetMobile */ = {
			isa = PBXNativeTarget;
			buildConfigurationList = 1037ADB72CAD64DD000F3276 /* Build configuration list for PBXNativeTarget "LeetMobile" */;
			buildPhases = (
				1037AD872CAD64DC000F3276 /* Sources */,
				1037AD882CAD64DC000F3276 /* Frameworks */,
				1037AD892CAD64DC000F3276 /* Resources */,
				1003F5432CB68AA400F0818D /* Embed Frameworks */,
			);
			buildRules = (
			);
			dependencies = (
			);
			fileSystemSynchronizedGroups = (
				1037AD8D2CAD64DC000F3276 /* LeetMobile */,
			);
			name = LeetMobile;
			packageProductDependencies = (
				10145F7A2CB684FC001BE2C1 /* Alamofire */,
				1003F53A2CB68A2900F0818D /* Nuke */,
				1003F53C2CB68A2900F0818D /* NukeExtensions */,
				1003F53E2CB68A2900F0818D /* NukeUI */,
				1003F5402CB68A2900F0818D /* NukeVideo */,
				10245BAE2CB6F51B002C435A /* Resolver */,
			);
			productName = LeetMobile;
			productReference = 1037AD8B2CAD64DC000F3276 /* LeetMobile.app */;
			productType = "com.apple.product-type.application";
		};
		1037ADA32CAD64DD000F3276 /* LeetMobileTests */ = {
			isa = PBXNativeTarget;
			buildConfigurationList = 1037ADBD2CAD64DD000F3276 /* Build configuration list for PBXNativeTarget "LeetMobileTests" */;
			buildPhases = (
				1037ADA02CAD64DD000F3276 /* Sources */,
				1037ADA12CAD64DD000F3276 /* Frameworks */,
				1037ADA22CAD64DD000F3276 /* Resources */,
			);
			buildRules = (
			);
			dependencies = (
				1037ADA62CAD64DD000F3276 /* PBXTargetDependency */,
			);
			fileSystemSynchronizedGroups = (
				1037ADA72CAD64DD000F3276 /* LeetMobileTests */,
			);
			name = LeetMobileTests;
			packageProductDependencies = (
			);
			productName = LeetMobileTests;
			productReference = 1037ADA42CAD64DD000F3276 /* LeetMobileTests.xctest */;
			productType = "com.apple.product-type.bundle.unit-test";
		};
		1037ADAD2CAD64DD000F3276 /* LeetMobileUITests */ = {
			isa = PBXNativeTarget;
			buildConfigurationList = 1037ADC02CAD64DD000F3276 /* Build configuration list for PBXNativeTarget "LeetMobileUITests" */;
			buildPhases = (
				1037ADAA2CAD64DD000F3276 /* Sources */,
				1037ADAB2CAD64DD000F3276 /* Frameworks */,
				1037ADAC2CAD64DD000F3276 /* Resources */,
			);
			buildRules = (
			);
			dependencies = (
				1037ADB02CAD64DD000F3276 /* PBXTargetDependency */,
			);
			fileSystemSynchronizedGroups = (
				1037ADB12CAD64DD000F3276 /* LeetMobileUITests */,
			);
			name = LeetMobileUITests;
			packageProductDependencies = (
			);
			productName = LeetMobileUITests;
			productReference = 1037ADAE2CAD64DD000F3276 /* LeetMobileUITests.xctest */;
			productType = "com.apple.product-type.bundle.ui-testing";
		};
/* End PBXNativeTarget section */

/* Begin PBXProject section */
		1037AD832CAD64DC000F3276 /* Project object */ = {
			isa = PBXProject;
			attributes = {
				BuildIndependentTargetsInParallel = 1;
				LastSwiftUpdateCheck = 1610;
				LastUpgradeCheck = 1610;
				TargetAttributes = {
					1037AD8A2CAD64DC000F3276 = {
						CreatedOnToolsVersion = 16.1;
					};
					1037ADA32CAD64DD000F3276 = {
						CreatedOnToolsVersion = 16.1;
						TestTargetID = 1037AD8A2CAD64DC000F3276;
					};
					1037ADAD2CAD64DD000F3276 = {
						CreatedOnToolsVersion = 16.1;
						TestTargetID = 1037AD8A2CAD64DC000F3276;
					};
				};
			};
			buildConfigurationList = 1037AD862CAD64DC000F3276 /* Build configuration list for PBXProject "LeetMobile" */;
			developmentRegion = en;
			hasScannedForEncodings = 0;
			knownRegions = (
				en,
				Base,
			);
			mainGroup = 1037AD822CAD64DC000F3276;
			minimizedProjectReferenceProxies = 1;
			packageReferences = (
				10145F6D2CB683B6001BE2C1 /* XCRemoteSwiftPackageReference "Alamofire" */,
				1003F5392CB68A2900F0818D /* XCRemoteSwiftPackageReference "Nuke" */,
				10245BAD2CB6F51B002C435A /* XCRemoteSwiftPackageReference "Resolver" */,
			);
			preferredProjectObjectVersion = 77;
			productRefGroup = 1037AD8C2CAD64DC000F3276 /* Products */;
			projectDirPath = "";
			projectRoot = "";
			targets = (
				1037AD8A2CAD64DC000F3276 /* LeetMobile */,
				1037ADA32CAD64DD000F3276 /* LeetMobileTests */,
				1037ADAD2CAD64DD000F3276 /* LeetMobileUITests */,
			);
		};
/* End PBXProject section */

/* Begin PBXResourcesBuildPhase section */
		1037AD892CAD64DC000F3276 /* Resources */ = {
			isa = PBXResourcesBuildPhase;
			buildActionMask = 2147483647;
			files = (
			);
			runOnlyForDeploymentPostprocessing = 0;
		};
		1037ADA22CAD64DD000F3276 /* Resources */ = {
			isa = PBXResourcesBuildPhase;
			buildActionMask = 2147483647;
			files = (
			);
			runOnlyForDeploymentPostprocessing = 0;
		};
		1037ADAC2CAD64DD000F3276 /* Resources */ = {
			isa = PBXResourcesBuildPhase;
			buildActionMask = 2147483647;
			files = (
			);
			runOnlyForDeploymentPostprocessing = 0;
		};
/* End PBXResourcesBuildPhase section */

/* Begin PBXSourcesBuildPhase section */
		1037AD872CAD64DC000F3276 /* Sources */ = {
			isa = PBXSourcesBuildPhase;
			buildActionMask = 2147483647;
			files = (
			);
			runOnlyForDeploymentPostprocessing = 0;
		};
		1037ADA02CAD64DD000F3276 /* Sources */ = {
			isa = PBXSourcesBuildPhase;
			buildActionMask = 2147483647;
			files = (
			);
			runOnlyForDeploymentPostprocessing = 0;
		};
		1037ADAA2CAD64DD000F3276 /* Sources */ = {
			isa = PBXSourcesBuildPhase;
			buildActionMask = 2147483647;
			files = (
			);
			runOnlyForDeploymentPostprocessing = 0;
		};
/* End PBXSourcesBuildPhase section */

/* Begin PBXTargetDependency section */
		1037ADA62CAD64DD000F3276 /* PBXTargetDependency */ = {
			isa = PBXTargetDependency;
			target = 1037AD8A2CAD64DC000F3276 /* LeetMobile */;
			targetProxy = 1037ADA52CAD64DD000F3276 /* PBXContainerItemProxy */;
		};
		1037ADB02CAD64DD000F3276 /* PBXTargetDependency */ = {
			isa = PBXTargetDependency;
			target = 1037AD8A2CAD64DC000F3276 /* LeetMobile */;
			targetProxy = 1037ADAF2CAD64DD000F3276 /* PBXContainerItemProxy */;
		};
/* End PBXTargetDependency section */

/* Begin XCBuildConfiguration section */
		1037ADB82CAD64DD000F3276 /* Debug */ = {
			isa = XCBuildConfiguration;
			buildSettings = {
				ASSETCATALOG_COMPILER_APPICON_NAME = AppIcon;
				ASSETCATALOG_COMPILER_GLOBAL_ACCENT_COLOR_NAME = AccentColor;
				CODE_SIGN_STYLE = Automatic;
				CURRENT_PROJECT_VERSION = 1;
				DEVELOPMENT_TEAM = 3NRS47XA44;
				GENERATE_INFOPLIST_FILE = YES;
				INFOPLIST_FILE = LeetMobile/Info.plist;
				INFOPLIST_KEY_CFBundleDisplayName = LeetMobile;
				INFOPLIST_KEY_LSApplicationCategoryType = "public.app-category.education";
				INFOPLIST_KEY_UIApplicationSupportsIndirectInputEvents = YES;
				INFOPLIST_KEY_UILaunchStoryboardName = LaunchScreen;
				INFOPLIST_KEY_UISupportedInterfaceOrientations = UIInterfaceOrientationPortrait;
				INFOPLIST_KEY_UISupportedInterfaceOrientations_iPad = "UIInterfaceOrientationLandscapeLeft UIInterfaceOrientationLandscapeRight UIInterfaceOrientationPortrait UIInterfaceOrientationPortraitUpsideDown";
				IPHONEOS_DEPLOYMENT_TARGET = 16.6;
				LD_RUNPATH_SEARCH_PATHS = (
					"$(inherited)",
					"@executable_path/Frameworks",
				);
				MARKETING_VERSION = 1.0;
				PRODUCT_BUNDLE_IDENTIFIER = apoorvcodes.LeetMobile;
				PRODUCT_NAME = "$(TARGET_NAME)";
				SUPPORTED_PLATFORMS = "iphoneos iphonesimulator";
				SUPPORTS_MACCATALYST = NO;
				SUPPORTS_MAC_DESIGNED_FOR_IPHONE_IPAD = NO;
				SUPPORTS_XR_DESIGNED_FOR_IPHONE_IPAD = NO;
				SWIFT_EMIT_LOC_STRINGS = YES;
				SWIFT_VERSION = 5.0;
				TARGETED_DEVICE_FAMILY = "1,2";
			};
			name = Debug;
		};
		1037ADB92CAD64DD000F3276 /* Release */ = {
			isa = XCBuildConfiguration;
			buildSettings = {
				ASSETCATALOG_COMPILER_APPICON_NAME = AppIcon;
				ASSETCATALOG_COMPILER_GLOBAL_ACCENT_COLOR_NAME = AccentColor;
				CODE_SIGN_STYLE = Automatic;
				CURRENT_PROJECT_VERSION = 1;
				DEVELOPMENT_TEAM = 3NRS47XA44;
				GENERATE_INFOPLIST_FILE = YES;
				INFOPLIST_FILE = LeetMobile/Info.plist;
				INFOPLIST_KEY_CFBundleDisplayName = LeetMobile;
				INFOPLIST_KEY_LSApplicationCategoryType = "public.app-category.education";
				INFOPLIST_KEY_UIApplicationSupportsIndirectInputEvents = YES;
				INFOPLIST_KEY_UILaunchStoryboardName = LaunchScreen;
				INFOPLIST_KEY_UISupportedInterfaceOrientations = UIInterfaceOrientationPortrait;
				INFOPLIST_KEY_UISupportedInterfaceOrientations_iPad = "UIInterfaceOrientationLandscapeLeft UIInterfaceOrientationLandscapeRight UIInterfaceOrientationPortrait UIInterfaceOrientationPortraitUpsideDown";
				IPHONEOS_DEPLOYMENT_TARGET = 16.6;
				LD_RUNPATH_SEARCH_PATHS = (
					"$(inherited)",
					"@executable_path/Frameworks",
				);
				MARKETING_VERSION = 1.0;
				PRODUCT_BUNDLE_IDENTIFIER = apoorvcodes.LeetMobile;
				PRODUCT_NAME = "$(TARGET_NAME)";
				SUPPORTED_PLATFORMS = "iphoneos iphonesimulator";
				SUPPORTS_MACCATALYST = NO;
				SUPPORTS_MAC_DESIGNED_FOR_IPHONE_IPAD = NO;
				SUPPORTS_XR_DESIGNED_FOR_IPHONE_IPAD = NO;
				SWIFT_EMIT_LOC_STRINGS = YES;
				SWIFT_VERSION = 5.0;
				TARGETED_DEVICE_FAMILY = "1,2";
			};
			name = Release;
		};
		1037ADBB2CAD64DD000F3276 /* Debug */ = {
			isa = XCBuildConfiguration;
			buildSettings = {
				ALWAYS_SEARCH_USER_PATHS = NO;
				ASSETCATALOG_COMPILER_GENERATE_SWIFT_ASSET_SYMBOL_EXTENSIONS = YES;
				CLANG_ANALYZER_NONNULL = YES;
				CLANG_ANALYZER_NUMBER_OBJECT_CONVERSION = YES_AGGRESSIVE;
				CLANG_CXX_LANGUAGE_STANDARD = "gnu++20";
				CLANG_ENABLE_MODULES = YES;
				CLANG_ENABLE_OBJC_ARC = YES;
				CLANG_ENABLE_OBJC_WEAK = YES;
				CLANG_WARN_BLOCK_CAPTURE_AUTORELEASING = YES;
				CLANG_WARN_BOOL_CONVERSION = YES;
				CLANG_WARN_COMMA = YES;
				CLANG_WARN_CONSTANT_CONVERSION = YES;
				CLANG_WARN_DEPRECATED_OBJC_IMPLEMENTATIONS = YES;
				CLANG_WARN_DIRECT_OBJC_ISA_USAGE = YES_ERROR;
				CLANG_WARN_DOCUMENTATION_COMMENTS = YES;
				CLANG_WARN_EMPTY_BODY = YES;
				CLANG_WARN_ENUM_CONVERSION = YES;
				CLANG_WARN_INFINITE_RECURSION = YES;
				CLANG_WARN_INT_CONVERSION = YES;
				CLANG_WARN_NON_LITERAL_NULL_CONVERSION = YES;
				CLANG_WARN_OBJC_IMPLICIT_RETAIN_SELF = YES;
				CLANG_WARN_OBJC_LITERAL_CONVERSION = YES;
				CLANG_WARN_OBJC_ROOT_CLASS = YES_ERROR;
				CLANG_WARN_QUOTED_INCLUDE_IN_FRAMEWORK_HEADER = YES;
				CLANG_WARN_RANGE_LOOP_ANALYSIS = YES;
				CLANG_WARN_STRICT_PROTOTYPES = YES;
				CLANG_WARN_SUSPICIOUS_MOVE = YES;
				CLANG_WARN_UNGUARDED_AVAILABILITY = YES_AGGRESSIVE;
				CLANG_WARN_UNREACHABLE_CODE = YES;
				CLANG_WARN__DUPLICATE_METHOD_MATCH = YES;
				COPY_PHASE_STRIP = NO;
				DEBUG_INFORMATION_FORMAT = dwarf;
				ENABLE_STRICT_OBJC_MSGSEND = YES;
				ENABLE_TESTABILITY = YES;
				ENABLE_USER_SCRIPT_SANDBOXING = YES;
				GCC_C_LANGUAGE_STANDARD = gnu17;
				GCC_DYNAMIC_NO_PIC = NO;
				GCC_NO_COMMON_BLOCKS = YES;
				GCC_OPTIMIZATION_LEVEL = 0;
				GCC_PREPROCESSOR_DEFINITIONS = (
					"DEBUG=1",
					"$(inherited)",
				);
				GCC_WARN_64_TO_32_BIT_CONVERSION = YES;
				GCC_WARN_ABOUT_RETURN_TYPE = YES_ERROR;
				GCC_WARN_UNDECLARED_SELECTOR = YES;
				GCC_WARN_UNINITIALIZED_AUTOS = YES_AGGRESSIVE;
				GCC_WARN_UNUSED_FUNCTION = YES;
				GCC_WARN_UNUSED_VARIABLE = YES;
				IPHONEOS_DEPLOYMENT_TARGET = 18.1;
				LOCALIZATION_PREFERS_STRING_CATALOGS = YES;
				MTL_ENABLE_DEBUG_INFO = INCLUDE_SOURCE;
				MTL_FAST_MATH = YES;
				ONLY_ACTIVE_ARCH = YES;
				SDKROOT = iphoneos;
				SWIFT_ACTIVE_COMPILATION_CONDITIONS = "DEBUG $(inherited)";
				SWIFT_EMIT_LOC_STRINGS = YES;
				SWIFT_OPTIMIZATION_LEVEL = "-Onone";
			};
			name = Debug;
		};
		1037ADBC2CAD64DD000F3276 /* Release */ = {
			isa = XCBuildConfiguration;
			buildSettings = {
				ALWAYS_SEARCH_USER_PATHS = NO;
				ASSETCATALOG_COMPILER_GENERATE_SWIFT_ASSET_SYMBOL_EXTENSIONS = YES;
				CLANG_ANALYZER_NONNULL = YES;
				CLANG_ANALYZER_NUMBER_OBJECT_CONVERSION = YES_AGGRESSIVE;
				CLANG_CXX_LANGUAGE_STANDARD = "gnu++20";
				CLANG_ENABLE_MODULES = YES;
				CLANG_ENABLE_OBJC_ARC = YES;
				CLANG_ENABLE_OBJC_WEAK = YES;
				CLANG_WARN_BLOCK_CAPTURE_AUTORELEASING = YES;
				CLANG_WARN_BOOL_CONVERSION = YES;
				CLANG_WARN_COMMA = YES;
				CLANG_WARN_CONSTANT_CONVERSION = YES;
				CLANG_WARN_DEPRECATED_OBJC_IMPLEMENTATIONS = YES;
				CLANG_WARN_DIRECT_OBJC_ISA_USAGE = YES_ERROR;
				CLANG_WARN_DOCUMENTATION_COMMENTS = YES;
				CLANG_WARN_EMPTY_BODY = YES;
				CLANG_WARN_ENUM_CONVERSION = YES;
				CLANG_WARN_INFINITE_RECURSION = YES;
				CLANG_WARN_INT_CONVERSION = YES;
				CLANG_WARN_NON_LITERAL_NULL_CONVERSION = YES;
				CLANG_WARN_OBJC_IMPLICIT_RETAIN_SELF = YES;
				CLANG_WARN_OBJC_LITERAL_CONVERSION = YES;
				CLANG_WARN_OBJC_ROOT_CLASS = YES_ERROR;
				CLANG_WARN_QUOTED_INCLUDE_IN_FRAMEWORK_HEADER = YES;
				CLANG_WARN_RANGE_LOOP_ANALYSIS = YES;
				CLANG_WARN_STRICT_PROTOTYPES = YES;
				CLANG_WARN_SUSPICIOUS_MOVE = YES;
				CLANG_WARN_UNGUARDED_AVAILABILITY = YES_AGGRESSIVE;
				CLANG_WARN_UNREACHABLE_CODE = YES;
				CLANG_WARN__DUPLICATE_METHOD_MATCH = YES;
				COPY_PHASE_STRIP = NO;
				DEBUG_INFORMATION_FORMAT = "dwarf-with-dsym";
				ENABLE_NS_ASSERTIONS = NO;
				ENABLE_STRICT_OBJC_MSGSEND = YES;
				ENABLE_USER_SCRIPT_SANDBOXING = YES;
				GCC_C_LANGUAGE_STANDARD = gnu17;
				GCC_NO_COMMON_BLOCKS = YES;
				GCC_WARN_64_TO_32_BIT_CONVERSION = YES;
				GCC_WARN_ABOUT_RETURN_TYPE = YES_ERROR;
				GCC_WARN_UNDECLARED_SELECTOR = YES;
				GCC_WARN_UNINITIALIZED_AUTOS = YES_AGGRESSIVE;
				GCC_WARN_UNUSED_FUNCTION = YES;
				GCC_WARN_UNUSED_VARIABLE = YES;
				IPHONEOS_DEPLOYMENT_TARGET = 18.1;
				LOCALIZATION_PREFERS_STRING_CATALOGS = YES;
				MTL_ENABLE_DEBUG_INFO = NO;
				MTL_FAST_MATH = YES;
				SDKROOT = iphoneos;
				SWIFT_COMPILATION_MODE = wholemodule;
				SWIFT_EMIT_LOC_STRINGS = YES;
				VALIDATE_PRODUCT = YES;
			};
			name = Release;
		};
		1037ADBE2CAD64DD000F3276 /* Debug */ = {
			isa = XCBuildConfiguration;
			buildSettings = {
				BUNDLE_LOADER = "$(TEST_HOST)";
				CODE_SIGN_STYLE = Automatic;
				CURRENT_PROJECT_VERSION = 1;
				DEVELOPMENT_TEAM = 3NRS47XA44;
				GENERATE_INFOPLIST_FILE = YES;
				IPHONEOS_DEPLOYMENT_TARGET = 18.1;
				MARKETING_VERSION = 1.0;
				PRODUCT_BUNDLE_IDENTIFIER = apoorvcodes.LeetMobileTests;
				PRODUCT_NAME = "$(TARGET_NAME)";
				SWIFT_EMIT_LOC_STRINGS = NO;
				SWIFT_VERSION = 5.0;
				TARGETED_DEVICE_FAMILY = "1,2";
				TEST_HOST = "$(BUILT_PRODUCTS_DIR)/LeetMobile.app/$(BUNDLE_EXECUTABLE_FOLDER_PATH)/LeetMobile";
			};
			name = Debug;
		};
		1037ADBF2CAD64DD000F3276 /* Release */ = {
			isa = XCBuildConfiguration;
			buildSettings = {
				BUNDLE_LOADER = "$(TEST_HOST)";
				CODE_SIGN_STYLE = Automatic;
				CURRENT_PROJECT_VERSION = 1;
				DEVELOPMENT_TEAM = 3NRS47XA44;
				GENERATE_INFOPLIST_FILE = YES;
				IPHONEOS_DEPLOYMENT_TARGET = 18.1;
				MARKETING_VERSION = 1.0;
				PRODUCT_BUNDLE_IDENTIFIER = apoorvcodes.LeetMobileTests;
				PRODUCT_NAME = "$(TARGET_NAME)";
				SWIFT_EMIT_LOC_STRINGS = NO;
				SWIFT_VERSION = 5.0;
				TARGETED_DEVICE_FAMILY = "1,2";
				TEST_HOST = "$(BUILT_PRODUCTS_DIR)/LeetMobile.app/$(BUNDLE_EXECUTABLE_FOLDER_PATH)/LeetMobile";
			};
			name = Release;
		};
		1037ADC12CAD64DD000F3276 /* Debug */ = {
			isa = XCBuildConfiguration;
			buildSettings = {
				CODE_SIGN_STYLE = Automatic;
				CURRENT_PROJECT_VERSION = 1;
				DEVELOPMENT_TEAM = 3NRS47XA44;
				GENERATE_INFOPLIST_FILE = YES;
				MARKETING_VERSION = 1.0;
				PRODUCT_BUNDLE_IDENTIFIER = apoorvcodes.LeetMobileUITests;
				PRODUCT_NAME = "$(TARGET_NAME)";
				SWIFT_EMIT_LOC_STRINGS = NO;
				SWIFT_VERSION = 5.0;
				TARGETED_DEVICE_FAMILY = "1,2";
				TEST_TARGET_NAME = LeetMobile;
			};
			name = Debug;
		};
		1037ADC22CAD64DD000F3276 /* Release */ = {
			isa = XCBuildConfiguration;
			buildSettings = {
				CODE_SIGN_STYLE = Automatic;
				CURRENT_PROJECT_VERSION = 1;
				DEVELOPMENT_TEAM = 3NRS47XA44;
				GENERATE_INFOPLIST_FILE = YES;
				MARKETING_VERSION = 1.0;
				PRODUCT_BUNDLE_IDENTIFIER = apoorvcodes.LeetMobileUITests;
				PRODUCT_NAME = "$(TARGET_NAME)";
				SWIFT_EMIT_LOC_STRINGS = NO;
				SWIFT_VERSION = 5.0;
				TARGETED_DEVICE_FAMILY = "1,2";
				TEST_TARGET_NAME = LeetMobile;
			};
			name = Release;
		};
/* End XCBuildConfiguration section */

/* Begin XCConfigurationList section */
		1037AD862CAD64DC000F3276 /* Build configuration list for PBXProject "LeetMobile" */ = {
			isa = XCConfigurationList;
			buildConfigurations = (
				1037ADBB2CAD64DD000F3276 /* Debug */,
				1037ADBC2CAD64DD000F3276 /* Release */,
			);
			defaultConfigurationIsVisible = 0;
			defaultConfigurationName = Release;
		};
		1037ADB72CAD64DD000F3276 /* Build configuration list for PBXNativeTarget "LeetMobile" */ = {
			isa = XCConfigurationList;
			buildConfigurations = (
				1037ADB82CAD64DD000F3276 /* Debug */,
				1037ADB92CAD64DD000F3276 /* Release */,
			);
			defaultConfigurationIsVisible = 0;
			defaultConfigurationName = Release;
		};
		1037ADBD2CAD64DD000F3276 /* Build configuration list for PBXNativeTarget "LeetMobileTests" */ = {
			isa = XCConfigurationList;
			buildConfigurations = (
				1037ADBE2CAD64DD000F3276 /* Debug */,
				1037ADBF2CAD64DD000F3276 /* Release */,
			);
			defaultConfigurationIsVisible = 0;
			defaultConfigurationName = Release;
		};
		1037ADC02CAD64DD000F3276 /* Build configuration list for PBXNativeTarget "LeetMobileUITests" */ = {
			isa = XCConfigurationList;
			buildConfigurations = (
				1037ADC12CAD64DD000F3276 /* Debug */,
				1037ADC22CAD64DD000F3276 /* Release */,
			);
			defaultConfigurationIsVisible = 0;
			defaultConfigurationName = Release;
		};
/* End XCConfigurationList section */

/* Begin XCRemoteSwiftPackageReference section */
		1003F5392CB68A2900F0818D /* XCRemoteSwiftPackageReference "Nuke" */ = {
			isa = XCRemoteSwiftPackageReference;
			repositoryURL = "https://github.com/kean/Nuke.git";
			requirement = {
				kind = upToNextMajorVersion;
				minimumVersion = 12.8.0;
			};
		};
		10145F6D2CB683B6001BE2C1 /* XCRemoteSwiftPackageReference "Alamofire" */ = {
			isa = XCRemoteSwiftPackageReference;
			repositoryURL = "https://github.com/Alamofire/Alamofire.git";
			requirement = {
				kind = upToNextMajorVersion;
				minimumVersion = 5.9.1;
			};
		};
		10245BAD2CB6F51B002C435A /* XCRemoteSwiftPackageReference "Resolver" */ = {
			isa = XCRemoteSwiftPackageReference;
			repositoryURL = "https://github.com/hmlongco/Resolver.git";
			requirement = {
				kind = upToNextMajorVersion;
				minimumVersion = 1.5.1;
			};
		};
/* End XCRemoteSwiftPackageReference section */

/* Begin XCSwiftPackageProductDependency section */
		1003F53A2CB68A2900F0818D /* Nuke */ = {
			isa = XCSwiftPackageProductDependency;
			package = 1003F5392CB68A2900F0818D /* XCRemoteSwiftPackageReference "Nuke" */;
			productName = Nuke;
		};
		1003F53C2CB68A2900F0818D /* NukeExtensions */ = {
			isa = XCSwiftPackageProductDependency;
			package = 1003F5392CB68A2900F0818D /* XCRemoteSwiftPackageReference "Nuke" */;
			productName = NukeExtensions;
		};
		1003F53E2CB68A2900F0818D /* NukeUI */ = {
			isa = XCSwiftPackageProductDependency;
			package = 1003F5392CB68A2900F0818D /* XCRemoteSwiftPackageReference "Nuke" */;
			productName = NukeUI;
		};
		1003F5402CB68A2900F0818D /* NukeVideo */ = {
			isa = XCSwiftPackageProductDependency;
			package = 1003F5392CB68A2900F0818D /* XCRemoteSwiftPackageReference "Nuke" */;
			productName = NukeVideo;
		};
		10145F7A2CB684FC001BE2C1 /* Alamofire */ = {
			isa = XCSwiftPackageProductDependency;
			package = 10145F6D2CB683B6001BE2C1 /* XCRemoteSwiftPackageReference "Alamofire" */;
			productName = Alamofire;
		};
		10245BAE2CB6F51B002C435A /* Resolver */ = {
			isa = XCSwiftPackageProductDependency;
			package = 10245BAD2CB6F51B002C435A /* XCRemoteSwiftPackageReference "Resolver" */;
			productName = Resolver;
		};
/* End XCSwiftPackageProductDependency section */
	};
	rootObject = 1037AD832CAD64DC000F3276 /* Project object */;
}
